github.com/dustin/go-humanize v1.0.0 h1:VSnTsYCnlFHaM2/igO1h6X3HA71jcobQuxemgkq4zYo=
github.com/dustin/go-humanize v1.0.0/go.mod h1:HtrtbFcZ19U5GC7JDqmcUSB87Iq5E25KnS6fMYU6eOk=
github.com/jmichiels/tree v0.0.0-20171219112600-211d1cda377a h1:ST0af22TXtEgrbWii0cJvw7ycoFoHc2zuAwL2t46a5Q=
github.com/jmichiels/tree v0.0.0-20171219112600-211d1cda377a/go.mod h1:yS9Ul1kvysTfwmE/YElQ483lNvW2gZlh0gnqx3ZqCgQ=
github.com/yuin/goldmark v1.5.2 h1:ALmeCk/px5FSm1MAcFBAsVKZjDuMVj8Tm7FFIlMJnqU=
github.com/yuin/goldmark v1.5.2/go.mod h1:6yULJ656Px+3vBD8DxQVa3kxgyrAnzto9xy5taEt/CY=
github.com/yuin/goldmark-meta v1.1.0 h1:pWw+JLHGZe8Rk0EGsMVssiNb/AaPMHfSRszZeUeiOUc=
github.com/yuin/goldmark-meta v1.1.0/go.mod h1:U4spWENafuA7Zyg+Lj5RqK/MF+ovMYtBvXi1lBb2VP0=
golang.org/x/tour v0.1.0 h1:OWzbINRoGf1wwBhKdFDpYwM88NM0d1SL/Nj6PagS6YE=
golang.org/x/tour v0.1.0/go.mod h1:DUZC6G8mR1AXgXy73r8qt/G5RsefKIlSj6jBMc8b9Wc=
gopkg.in/check.v1 v0.0.0-20161208181325-20d25e280405/go.mod h1:Co6ibVJAznAaIkqp8huTwlJQCZ016jof/cbN4VW5Yz0=
gopkg.in/yaml.v2 v2.3.0 h1:clyUAQHOM3G0M3f5vQj7LuJrETvjVot3Z5el9nffUtU=
gopkg.in/yaml.v2 v2.3.0/go.mod h1:hI93XBmqTisBFMUTm0b8Fm+jr3Dg1NNxqwp+5A1VGuI=
